
Microsoft Visual Studio Solution File, Format Version 12.00
# Visual Studio Version 17
VisualStudioVersion = 17.10.35004.147
MinimumVisualStudioVersion = 10.0.40219.1
Project("{2150E333-8FDC-42A3-9474-1A3956D46DE8}") = "src", "src", "{99C5295E-423A-4911-8C37-DB512A8D4FDF}"
EndProject
Project("{2150E333-8FDC-42A3-9474-1A3956D46DE8}") = "core", "core", "{1E81118A-C702-4631-8C3F-1F07B7008726}"
EndProject
Project("{9A19103F-16F7-4668-BE54-9A1E7A4F7556}") = "Domain", "src\core\Domain\Domain.csproj", "{7D4193F8-5E46-4093-84CF-5169ECE9F25B}"
EndProject
Project("{9A19103F-16F7-4668-BE54-9A1E7A4F7556}") = "Application", "src\core\Application\Application.csproj", "{D366F3B3-3514-4B5E-BA73-D30C8DDCD412}"
EndProject
Project("{2150E333-8FDC-42A3-9474-1A3956D46DE8}") = "infrastructure", "infrastructure", "{070DF4E6-CC7A-41B7-B4FA-70D1E9816E15}"
EndProject
Project("{9A19103F-16F7-4668-BE54-9A1E7A4F7556}") = "Persistence", "src\infrastructure\Persistence\Persistence.csproj", "{2DEAC10F-BA71-4E96-A8FE-CA3E6740DB23}"
EndProject
Project("{9A19103F-16F7-4668-BE54-9A1E7A4F7556}") = "Identity", "src\infrastructure\Identity\Identity.csproj", "{FFD0F531-502E-4CAF-84F3-00998F7C2284}"
EndProject
Project("{9A19103F-16F7-4668-BE54-9A1E7A4F7556}") = "Api", "Api\Api.csproj", "{A5B01F95-4B5A-4A44-9826-3386102A91C9}"
EndProject
Project("{2150E333-8FDC-42A3-9474-1A3956D46DE8}") = "tests", "tests", "{E23400D6-1C05-4ED3-8532-9F2AA3E236A1}"
EndProject
Project("{9A19103F-16F7-4668-BE54-9A1E7A4F7556}") = "ArchitectureTests", "src\tests\ArchitectureTests\ArchitectureTests.csproj", "{7DCB4653-C76B-4F19-81B4-79F1FACD021A}"
EndProject
Project("{9A19103F-16F7-4668-BE54-9A1E7A4F7556}") = "MongoDb.Persistance", "src\infrastructure\MongoDb.Persistance\MongoDb.Persistance.csproj", "{96FC4929-D002-4DBD-9088-A3D347384B25}"
EndProject
Project("{2150E333-8FDC-42A3-9474-1A3956D46DE8}") = "Solution Items", "Solution Items", "{D0065DC8-58EA-4941-A99E-8560272DB500}"
	ProjectSection(SolutionItems) = preProject
		docker-compose.yml = docker-compose.yml
	EndProjectSection
EndProject
Global
	GlobalSection(SolutionConfigurationPlatforms) = preSolution
		Debug|Any CPU = Debug|Any CPU
		Release|Any CPU = Release|Any CPU
	EndGlobalSection
	GlobalSection(ProjectConfigurationPlatforms) = postSolution
		{7D4193F8-5E46-4093-84CF-5169ECE9F25B}.Debug|Any CPU.ActiveCfg = Debug|Any CPU
		{7D4193F8-5E46-4093-84CF-5169ECE9F25B}.Debug|Any CPU.Build.0 = Debug|Any CPU
		{7D4193F8-5E46-4093-84CF-5169ECE9F25B}.Release|Any CPU.ActiveCfg = Release|Any CPU
		{7D4193F8-5E46-4093-84CF-5169ECE9F25B}.Release|Any CPU.Build.0 = Release|Any CPU
		{D366F3B3-3514-4B5E-BA73-D30C8DDCD412}.Debug|Any CPU.ActiveCfg = Debug|Any CPU
		{D366F3B3-3514-4B5E-BA73-D30C8DDCD412}.Debug|Any CPU.Build.0 = Debug|Any CPU
		{D366F3B3-3514-4B5E-BA73-D30C8DDCD412}.Release|Any CPU.ActiveCfg = Release|Any CPU
		{D366F3B3-3514-4B5E-BA73-D30C8DDCD412}.Release|Any CPU.Build.0 = Release|Any CPU
		{2DEAC10F-BA71-4E96-A8FE-CA3E6740DB23}.Debug|Any CPU.ActiveCfg = Debug|Any CPU
		{2DEAC10F-BA71-4E96-A8FE-CA3E6740DB23}.Debug|Any CPU.Build.0 = Debug|Any CPU
		{2DEAC10F-BA71-4E96-A8FE-CA3E6740DB23}.Release|Any CPU.ActiveCfg = Release|Any CPU
		{2DEAC10F-BA71-4E96-A8FE-CA3E6740DB23}.Release|Any CPU.Build.0 = Release|Any CPU
		{FFD0F531-502E-4CAF-84F3-00998F7C2284}.Debug|Any CPU.ActiveCfg = Debug|Any CPU
		{FFD0F531-502E-4CAF-84F3-00998F7C2284}.Debug|Any CPU.Build.0 = Debug|Any CPU
		{FFD0F531-502E-4CAF-84F3-00998F7C2284}.Release|Any CPU.ActiveCfg = Release|Any CPU
		{FFD0F531-502E-4CAF-84F3-00998F7C2284}.Release|Any CPU.Build.0 = Release|Any CPU
		{A5B01F95-4B5A-4A44-9826-3386102A91C9}.Debug|Any CPU.ActiveCfg = Debug|Any CPU
		{A5B01F95-4B5A-4A44-9826-3386102A91C9}.Debug|Any CPU.Build.0 = Debug|Any CPU
		{A5B01F95-4B5A-4A44-9826-3386102A91C9}.Release|Any CPU.ActiveCfg = Release|Any CPU
		{A5B01F95-4B5A-4A44-9826-3386102A91C9}.Release|Any CPU.Build.0 = Release|Any CPU
		{7DCB4653-C76B-4F19-81B4-79F1FACD021A}.Debug|Any CPU.ActiveCfg = Debug|Any CPU
		{7DCB4653-C76B-4F19-81B4-79F1FACD021A}.Debug|Any CPU.Build.0 = Debug|Any CPU
		{7DCB4653-C76B-4F19-81B4-79F1FACD021A}.Release|Any CPU.ActiveCfg = Release|Any CPU
		{7DCB4653-C76B-4F19-81B4-79F1FACD021A}.Release|Any CPU.Build.0 = Release|Any CPU
		{96FC4929-D002-4DBD-9088-A3D347384B25}.Debug|Any CPU.ActiveCfg = Debug|Any CPU
		{96FC4929-D002-4DBD-9088-A3D347384B25}.Debug|Any CPU.Build.0 = Debug|Any CPU
		{96FC4929-D002-4DBD-9088-A3D347384B25}.Release|Any CPU.ActiveCfg = Release|Any CPU
		{96FC4929-D002-4DBD-9088-A3D347384B25}.Release|Any CPU.Build.0 = Release|Any CPU
	EndGlobalSection
	GlobalSection(SolutionProperties) = preSolution
		HideSolutionNode = FALSE
	EndGlobalSection
	GlobalSection(NestedProjects) = preSolution
		{1E81118A-C702-4631-8C3F-1F07B7008726} = {99C5295E-423A-4911-8C37-DB512A8D4FDF}
		{7D4193F8-5E46-4093-84CF-5169ECE9F25B} = {1E81118A-C702-4631-8C3F-1F07B7008726}
		{D366F3B3-3514-4B5E-BA73-D30C8DDCD412} = {1E81118A-C702-4631-8C3F-1F07B7008726}
		{070DF4E6-CC7A-41B7-B4FA-70D1E9816E15} = {99C5295E-423A-4911-8C37-DB512A8D4FDF}
		{2DEAC10F-BA71-4E96-A8FE-CA3E6740DB23} = {070DF4E6-CC7A-41B7-B4FA-70D1E9816E15}
		{FFD0F531-502E-4CAF-84F3-00998F7C2284} = {070DF4E6-CC7A-41B7-B4FA-70D1E9816E15}
		{E23400D6-1C05-4ED3-8532-9F2AA3E236A1} = {99C5295E-423A-4911-8C37-DB512A8D4FDF}
		{7DCB4653-C76B-4F19-81B4-79F1FACD021A} = {E23400D6-1C05-4ED3-8532-9F2AA3E236A1}
		{96FC4929-D002-4DBD-9088-A3D347384B25} = {070DF4E6-CC7A-41B7-B4FA-70D1E9816E15}
	EndGlobalSection
	GlobalSection(ExtensibilityGlobals) = postSolution
		SolutionGuid = {1F354FCF-FB74-4B79-B8A3-D07EB2352E45}
	EndGlobalSection
EndGlobal
